
Microsoft Visual Studio Solution File, Format Version 12.00
# Visual Studio Version 16
VisualStudioVersion = 16.0.29318.209
MinimumVisualStudioVersion = 10.0.40219.1
Project("{2150E333-8FDC-42A3-9474-1A3956D46DE8}") = "src", "src", "{8E792E64-5256-4444-BFBD-04056F5D2238}"
EndProject
Project("{9A19103F-16F7-4668-BE54-9A1E7A4F7556}") = "EventBus", "src\EventBus\EventBus.csproj", "{327C58A6-01FE-4726-8373-DC2A5DB962C0}"
EndProject
Project("{9A19103F-16F7-4668-BE54-9A1E7A4F7556}") = "EventBusRabbitMQ", "src\EventBusRabbitMQ\EventBusRabbitMQ.csproj", "{6EB862D7-0CBA-4174-BF4D-529AE77BC4ED}"
EndProject
Project("{2150E333-8FDC-42A3-9474-1A3956D46DE8}") = "test", "test", "{AA31F0EE-0E6A-4673-BACC-95A9D16520E2}"
EndProject
Project("{9A19103F-16F7-4668-BE54-9A1E7A4F7556}") = "WebAppPublish", "test\WebAppPublish\WebAppPublish.csproj", "{FCDE9519-78AE-4433-BE4A-C9B4AE547D78}"
EndProject
Project("{9A19103F-16F7-4668-BE54-9A1E7A4F7556}") = "WebAppSubscription", "test\WebAppSubscription\WebAppSubscription.csproj", "{5E25D3C6-ECFD-4D80-8430-E6CF36DBF607}"
EndProject
Project("{FAE04EC0-301F-11D3-BF4B-00C04F79EFBC}") = "WebAppSubscription1", "test\WebAppSubscription1\WebAppSubscription1.csproj", "{BE4ED498-1D19-4556-B086-1B7ABAE16261}"
EndProject
Global
	GlobalSection(SolutionConfigurationPlatforms) = preSolution
		Debug|Any CPU = Debug|Any CPU
		Release|Any CPU = Release|Any CPU
	EndGlobalSection
	GlobalSection(ProjectConfigurationPlatforms) = postSolution
		{327C58A6-01FE-4726-8373-DC2A5DB962C0}.Debug|Any CPU.ActiveCfg = Debug|Any CPU
		{327C58A6-01FE-4726-8373-DC2A5DB962C0}.Debug|Any CPU.Build.0 = Debug|Any CPU
		{327C58A6-01FE-4726-8373-DC2A5DB962C0}.Release|Any CPU.ActiveCfg = Release|Any CPU
		{327C58A6-01FE-4726-8373-DC2A5DB962C0}.Release|Any CPU.Build.0 = Release|Any CPU
		{6EB862D7-0CBA-4174-BF4D-529AE77BC4ED}.Debug|Any CPU.ActiveCfg = Debug|Any CPU
		{6EB862D7-0CBA-4174-BF4D-529AE77BC4ED}.Debug|Any CPU.Build.0 = Debug|Any CPU
		{6EB862D7-0CBA-4174-BF4D-529AE77BC4ED}.Release|Any CPU.ActiveCfg = Release|Any CPU
		{6EB862D7-0CBA-4174-BF4D-529AE77BC4ED}.Release|Any CPU.Build.0 = Release|Any CPU
		{FCDE9519-78AE-4433-BE4A-C9B4AE547D78}.Debug|Any CPU.ActiveCfg = Debug|Any CPU
		{FCDE9519-78AE-4433-BE4A-C9B4AE547D78}.Debug|Any CPU.Build.0 = Debug|Any CPU
		{FCDE9519-78AE-4433-BE4A-C9B4AE547D78}.Release|Any CPU.ActiveCfg = Release|Any CPU
		{FCDE9519-78AE-4433-BE4A-C9B4AE547D78}.Release|Any CPU.Build.0 = Release|Any CPU
		{5E25D3C6-ECFD-4D80-8430-E6CF36DBF607}.Debug|Any CPU.ActiveCfg = Debug|Any CPU
		{5E25D3C6-ECFD-4D80-8430-E6CF36DBF607}.Debug|Any CPU.Build.0 = Debug|Any CPU
		{5E25D3C6-ECFD-4D80-8430-E6CF36DBF607}.Release|Any CPU.ActiveCfg = Release|Any CPU
		{5E25D3C6-ECFD-4D80-8430-E6CF36DBF607}.Release|Any CPU.Build.0 = Release|Any CPU
		{BE4ED498-1D19-4556-B086-1B7ABAE16261}.Debug|Any CPU.ActiveCfg = Debug|Any CPU
		{BE4ED498-1D19-4556-B086-1B7ABAE16261}.Debug|Any CPU.Build.0 = Debug|Any CPU
		{BE4ED498-1D19-4556-B086-1B7ABAE16261}.Release|Any CPU.ActiveCfg = Release|Any CPU
		{BE4ED498-1D19-4556-B086-1B7ABAE16261}.Release|Any CPU.Build.0 = Release|Any CPU
	EndGlobalSection
	GlobalSection(SolutionProperties) = preSolution
		HideSolutionNode = FALSE
	EndGlobalSection
	GlobalSection(NestedProjects) = preSolution
		{327C58A6-01FE-4726-8373-DC2A5DB962C0} = {8E792E64-5256-4444-BFBD-04056F5D2238}
		{6EB862D7-0CBA-4174-BF4D-529AE77BC4ED} = {8E792E64-5256-4444-BFBD-04056F5D2238}
		{FCDE9519-78AE-4433-BE4A-C9B4AE547D78} = {AA31F0EE-0E6A-4673-BACC-95A9D16520E2}
		{5E25D3C6-ECFD-4D80-8430-E6CF36DBF607} = {AA31F0EE-0E6A-4673-BACC-95A9D16520E2}
		{BE4ED498-1D19-4556-B086-1B7ABAE16261} = {AA31F0EE-0E6A-4673-BACC-95A9D16520E2}
	EndGlobalSection
	GlobalSection(ExtensibilityGlobals) = postSolution
		SolutionGuid = {B06726D3-3F63-4763-826D-CA5B21572BB0}
	EndGlobalSection
EndGlobal
